
Microsoft Visual Studio Solution File, Format Version 12.00
# Visual Studio Version 16
VisualStudioVersion = 16.0.30309.148
MinimumVisualStudioVersion = 10.0.40219.1
Project("{FAE04EC0-301F-11D3-BF4B-00C04F79EFBC}") = "Scaling Using Rectangles", "Scaling Using Rectangles.csproj", "{333FEA9B-6A2F-4B82-8342-83C196585DA5}"
EndProject
Global
	GlobalSection(SolutionConfigurationPlatforms) = preSolution
		Debug|Any CPU = Debug|Any CPU
		Release|Any CPU = Release|Any CPU
	EndGlobalSection
	GlobalSection(ProjectConfigurationPlatforms) = postSolution
		{333FEA9B-6A2F-4B82-8342-83C196585DA5}.Debug|Any CPU.ActiveCfg = Debug|Any CPU
		{333FEA9B-6A2F-4B82-8342-83C196585DA5}.Debug|Any CPU.Build.0 = Debug|Any CPU
		{333FEA9B-6A2F-4B82-8342-83C196585DA5}.Release|Any CPU.ActiveCfg = Release|Any CPU
		{333FEA9B-6A2F-4B82-8342-83C196585DA5}.Release|Any CPU.Build.0 = Release|Any CPU
	EndGlobalSection
	GlobalSection(SolutionProperties) = preSolution
		HideSolutionNode = FALSE
	EndGlobalSection
	GlobalSection(ExtensibilityGlobals) = postSolution
		SolutionGuid = {FEBC9E62-A76A-4479-8784-43A0D94D320A}
	EndGlobalSection
EndGlobal
